
Microsoft Visual Studio Solution File, Format Version 12.00
# Visual Studio 15
VisualStudioVersion = 15.0.26124.0
MinimumVisualStudioVersion = 15.0.26124.0
Project("{FAE04EC0-301F-11D3-BF4B-00C04F79EFBC}") = "IdeaEvaluation.Api", "IdeaEvaluation.Api\IdeaEvaluation.Api.csproj", "{346B79F0-5DE6-46F7-A4E5-12A0306A8E7F}"
EndProject
Project("{FAE04EC0-301F-11D3-BF4B-00C04F79EFBC}") = "IdeaEvaluation.Model", "IdeaEvaluation.Model\IdeaEvaluation.Model.csproj", "{8CE6B6C3-3259-487D-AEA8-7FE2045CD578}"
EndProject
Project("{FAE04EC0-301F-11D3-BF4B-00C04F79EFBC}") = "IdeaEvaluation.DataAccess", "IdeaEvaluation.DataAccess\IdeaEvaluation.DataAccess.csproj", "{749D6A42-C437-4321-ADA1-871666182581}"
EndProject
Project("{FAE04EC0-301F-11D3-BF4B-00C04F79EFBC}") = "IdeaEvaluation.Service", "IdeaEvaluation.Service\IdeaEvaluation.Service.csproj", "{6434DB95-61FC-4602-97C5-099E27B12CE6}"
EndProject
Global
	GlobalSection(SolutionConfigurationPlatforms) = preSolution
		Debug|Any CPU = Debug|Any CPU
		Debug|x64 = Debug|x64
		Debug|x86 = Debug|x86
		Release|Any CPU = Release|Any CPU
		Release|x64 = Release|x64
		Release|x86 = Release|x86
	EndGlobalSection
	GlobalSection(SolutionProperties) = preSolution
		HideSolutionNode = FALSE
	EndGlobalSection
	GlobalSection(ProjectConfigurationPlatforms) = postSolution
		{346B79F0-5DE6-46F7-A4E5-12A0306A8E7F}.Debug|Any CPU.ActiveCfg = Debug|Any CPU
		{346B79F0-5DE6-46F7-A4E5-12A0306A8E7F}.Debug|Any CPU.Build.0 = Debug|Any CPU
		{346B79F0-5DE6-46F7-A4E5-12A0306A8E7F}.Debug|x64.ActiveCfg = Debug|Any CPU
		{346B79F0-5DE6-46F7-A4E5-12A0306A8E7F}.Debug|x64.Build.0 = Debug|Any CPU
		{346B79F0-5DE6-46F7-A4E5-12A0306A8E7F}.Debug|x86.ActiveCfg = Debug|Any CPU
		{346B79F0-5DE6-46F7-A4E5-12A0306A8E7F}.Debug|x86.Build.0 = Debug|Any CPU
		{346B79F0-5DE6-46F7-A4E5-12A0306A8E7F}.Release|Any CPU.ActiveCfg = Release|Any CPU
		{346B79F0-5DE6-46F7-A4E5-12A0306A8E7F}.Release|Any CPU.Build.0 = Release|Any CPU
		{346B79F0-5DE6-46F7-A4E5-12A0306A8E7F}.Release|x64.ActiveCfg = Release|Any CPU
		{346B79F0-5DE6-46F7-A4E5-12A0306A8E7F}.Release|x64.Build.0 = Release|Any CPU
		{346B79F0-5DE6-46F7-A4E5-12A0306A8E7F}.Release|x86.ActiveCfg = Release|Any CPU
		{346B79F0-5DE6-46F7-A4E5-12A0306A8E7F}.Release|x86.Build.0 = Release|Any CPU
		{8CE6B6C3-3259-487D-AEA8-7FE2045CD578}.Debug|Any CPU.ActiveCfg = Debug|Any CPU
		{8CE6B6C3-3259-487D-AEA8-7FE2045CD578}.Debug|Any CPU.Build.0 = Debug|Any CPU
		{8CE6B6C3-3259-487D-AEA8-7FE2045CD578}.Debug|x64.ActiveCfg = Debug|Any CPU
		{8CE6B6C3-3259-487D-AEA8-7FE2045CD578}.Debug|x64.Build.0 = Debug|Any CPU
		{8CE6B6C3-3259-487D-AEA8-7FE2045CD578}.Debug|x86.ActiveCfg = Debug|Any CPU
		{8CE6B6C3-3259-487D-AEA8-7FE2045CD578}.Debug|x86.Build.0 = Debug|Any CPU
		{8CE6B6C3-3259-487D-AEA8-7FE2045CD578}.Release|Any CPU.ActiveCfg = Release|Any CPU
		{8CE6B6C3-3259-487D-AEA8-7FE2045CD578}.Release|Any CPU.Build.0 = Release|Any CPU
		{8CE6B6C3-3259-487D-AEA8-7FE2045CD578}.Release|x64.ActiveCfg = Release|Any CPU
		{8CE6B6C3-3259-487D-AEA8-7FE2045CD578}.Release|x64.Build.0 = Release|Any CPU
		{8CE6B6C3-3259-487D-AEA8-7FE2045CD578}.Release|x86.ActiveCfg = Release|Any CPU
		{8CE6B6C3-3259-487D-AEA8-7FE2045CD578}.Release|x86.Build.0 = Release|Any CPU
		{4C611A7A-5BCD-44B1-9E87-277B72B0DF4C}.Debug|Any CPU.ActiveCfg = Debug|Any CPU
		{4C611A7A-5BCD-44B1-9E87-277B72B0DF4C}.Debug|Any CPU.Build.0 = Debug|Any CPU
		{4C611A7A-5BCD-44B1-9E87-277B72B0DF4C}.Debug|x64.ActiveCfg = Debug|Any CPU
		{4C611A7A-5BCD-44B1-9E87-277B72B0DF4C}.Debug|x64.Build.0 = Debug|Any CPU
		{4C611A7A-5BCD-44B1-9E87-277B72B0DF4C}.Debug|x86.ActiveCfg = Debug|Any CPU
		{4C611A7A-5BCD-44B1-9E87-277B72B0DF4C}.Debug|x86.Build.0 = Debug|Any CPU
		{4C611A7A-5BCD-44B1-9E87-277B72B0DF4C}.Release|Any CPU.ActiveCfg = Release|Any CPU
		{4C611A7A-5BCD-44B1-9E87-277B72B0DF4C}.Release|Any CPU.Build.0 = Release|Any CPU
		{4C611A7A-5BCD-44B1-9E87-277B72B0DF4C}.Release|x64.ActiveCfg = Release|Any CPU
		{4C611A7A-5BCD-44B1-9E87-277B72B0DF4C}.Release|x64.Build.0 = Release|Any CPU
		{4C611A7A-5BCD-44B1-9E87-277B72B0DF4C}.Release|x86.ActiveCfg = Release|Any CPU
		{4C611A7A-5BCD-44B1-9E87-277B72B0DF4C}.Release|x86.Build.0 = Release|Any CPU
		{749D6A42-C437-4321-ADA1-871666182581}.Debug|Any CPU.ActiveCfg = Debug|Any CPU
		{749D6A42-C437-4321-ADA1-871666182581}.Debug|Any CPU.Build.0 = Debug|Any CPU
		{749D6A42-C437-4321-ADA1-871666182581}.Debug|x64.ActiveCfg = Debug|Any CPU
		{749D6A42-C437-4321-ADA1-871666182581}.Debug|x64.Build.0 = Debug|Any CPU
		{749D6A42-C437-4321-ADA1-871666182581}.Debug|x86.ActiveCfg = Debug|Any CPU
		{749D6A42-C437-4321-ADA1-871666182581}.Debug|x86.Build.0 = Debug|Any CPU
		{749D6A42-C437-4321-ADA1-871666182581}.Release|Any CPU.ActiveCfg = Release|Any CPU
		{749D6A42-C437-4321-ADA1-871666182581}.Release|Any CPU.Build.0 = Release|Any CPU
		{749D6A42-C437-4321-ADA1-871666182581}.Release|x64.ActiveCfg = Release|Any CPU
		{749D6A42-C437-4321-ADA1-871666182581}.Release|x64.Build.0 = Release|Any CPU
		{749D6A42-C437-4321-ADA1-871666182581}.Release|x86.ActiveCfg = Release|Any CPU
		{749D6A42-C437-4321-ADA1-871666182581}.Release|x86.Build.0 = Release|Any CPU
		{6434DB95-61FC-4602-97C5-099E27B12CE6}.Debug|Any CPU.ActiveCfg = Debug|Any CPU
		{6434DB95-61FC-4602-97C5-099E27B12CE6}.Debug|Any CPU.Build.0 = Debug|Any CPU
		{6434DB95-61FC-4602-97C5-099E27B12CE6}.Debug|x64.ActiveCfg = Debug|Any CPU
		{6434DB95-61FC-4602-97C5-099E27B12CE6}.Debug|x64.Build.0 = Debug|Any CPU
		{6434DB95-61FC-4602-97C5-099E27B12CE6}.Debug|x86.ActiveCfg = Debug|Any CPU
		{6434DB95-61FC-4602-97C5-099E27B12CE6}.Debug|x86.Build.0 = Debug|Any CPU
		{6434DB95-61FC-4602-97C5-099E27B12CE6}.Release|Any CPU.ActiveCfg = Release|Any CPU
		{6434DB95-61FC-4602-97C5-099E27B12CE6}.Release|Any CPU.Build.0 = Release|Any CPU
		{6434DB95-61FC-4602-97C5-099E27B12CE6}.Release|x64.ActiveCfg = Release|Any CPU
		{6434DB95-61FC-4602-97C5-099E27B12CE6}.Release|x64.Build.0 = Release|Any CPU
		{6434DB95-61FC-4602-97C5-099E27B12CE6}.Release|x86.ActiveCfg = Release|Any CPU
		{6434DB95-61FC-4602-97C5-099E27B12CE6}.Release|x86.Build.0 = Release|Any CPU
	EndGlobalSection
EndGlobal
